
Microsoft Visual Studio Solution File, Format Version 12.00
# Visual Studio Version 17
Project("{8BC9CEB8-8B4A-11D0-8D11-00A0C91BC942}") = "ALL_BUILD", "ALL_BUILD.vcxproj", "{A0A84A1F-6CE4-32DD-843A-D059307888E2}"
	ProjectSection(ProjectDependencies) = postProject
		{29B2BC8B-A508-36ED-9B13-D5F513C86204} = {29B2BC8B-A508-36ED-9B13-D5F513C86204}
		{662C94A9-CB2C-3945-8F8C-74B31954ADE2} = {662C94A9-CB2C-3945-8F8C-74B31954ADE2}
	EndProjectSection
EndProject
Project("{8BC9CEB8-8B4A-11D0-8D11-00A0C91BC942}") = "INSTALL", "INSTALL.vcxproj", "{0D3EE185-D5D7-3E7E-949C-9D9C89714938}"
	ProjectSection(ProjectDependencies) = postProject
		{A0A84A1F-6CE4-32DD-843A-D059307888E2} = {A0A84A1F-6CE4-32DD-843A-D059307888E2}
		{29B2BC8B-A508-36ED-9B13-D5F513C86204} = {29B2BC8B-A508-36ED-9B13-D5F513C86204}
	EndProjectSection
EndProject
Project("{8BC9CEB8-8B4A-11D0-8D11-00A0C91BC942}") = "ZERO_CHECK", "..\..\ZERO_CHECK.vcxproj", "{29B2BC8B-A508-36ED-9B13-D5F513C86204}"
	ProjectSection(ProjectDependencies) = postProject
	EndProjectSection
EndProject
Project("{8BC9CEB8-8B4A-11D0-8D11-00A0C91BC942}") = "wingman-transport", "wingman-transport.vcxproj", "{662C94A9-CB2C-3945-8F8C-74B31954ADE2}"
	ProjectSection(ProjectDependencies) = postProject
		{29B2BC8B-A508-36ED-9B13-D5F513C86204} = {29B2BC8B-A508-36ED-9B13-D5F513C86204}
	EndProjectSection
EndProject
Global
	GlobalSection(SolutionConfigurationPlatforms) = preSolution
		Debug|x64 = Debug|x64
		Release|x64 = Release|x64
		MinSizeRel|x64 = MinSizeRel|x64
		RelWithDebInfo|x64 = RelWithDebInfo|x64
	EndGlobalSection
	GlobalSection(ProjectConfigurationPlatforms) = postSolution
		{A0A84A1F-6CE4-32DD-843A-D059307888E2}.Debug|x64.ActiveCfg = Debug|x64
		{A0A84A1F-6CE4-32DD-843A-D059307888E2}.Debug|x64.Build.0 = Debug|x64
		{A0A84A1F-6CE4-32DD-843A-D059307888E2}.Release|x64.ActiveCfg = Release|x64
		{A0A84A1F-6CE4-32DD-843A-D059307888E2}.Release|x64.Build.0 = Release|x64
		{A0A84A1F-6CE4-32DD-843A-D059307888E2}.MinSizeRel|x64.ActiveCfg = MinSizeRel|x64
		{A0A84A1F-6CE4-32DD-843A-D059307888E2}.MinSizeRel|x64.Build.0 = MinSizeRel|x64
		{A0A84A1F-6CE4-32DD-843A-D059307888E2}.RelWithDebInfo|x64.ActiveCfg = RelWithDebInfo|x64
		{A0A84A1F-6CE4-32DD-843A-D059307888E2}.RelWithDebInfo|x64.Build.0 = RelWithDebInfo|x64
		{0D3EE185-D5D7-3E7E-949C-9D9C89714938}.Debug|x64.ActiveCfg = Debug|x64
		{0D3EE185-D5D7-3E7E-949C-9D9C89714938}.Release|x64.ActiveCfg = Release|x64
		{0D3EE185-D5D7-3E7E-949C-9D9C89714938}.MinSizeRel|x64.ActiveCfg = MinSizeRel|x64
		{0D3EE185-D5D7-3E7E-949C-9D9C89714938}.RelWithDebInfo|x64.ActiveCfg = RelWithDebInfo|x64
		{29B2BC8B-A508-36ED-9B13-D5F513C86204}.Debug|x64.ActiveCfg = Debug|x64
		{29B2BC8B-A508-36ED-9B13-D5F513C86204}.Debug|x64.Build.0 = Debug|x64
		{29B2BC8B-A508-36ED-9B13-D5F513C86204}.Release|x64.ActiveCfg = Release|x64
		{29B2BC8B-A508-36ED-9B13-D5F513C86204}.Release|x64.Build.0 = Release|x64
		{29B2BC8B-A508-36ED-9B13-D5F513C86204}.MinSizeRel|x64.ActiveCfg = MinSizeRel|x64
		{29B2BC8B-A508-36ED-9B13-D5F513C86204}.MinSizeRel|x64.Build.0 = MinSizeRel|x64
		{29B2BC8B-A508-36ED-9B13-D5F513C86204}.RelWithDebInfo|x64.ActiveCfg = RelWithDebInfo|x64
		{29B2BC8B-A508-36ED-9B13-D5F513C86204}.RelWithDebInfo|x64.Build.0 = RelWithDebInfo|x64
		{662C94A9-CB2C-3945-8F8C-74B31954ADE2}.Debug|x64.ActiveCfg = Debug|x64
		{662C94A9-CB2C-3945-8F8C-74B31954ADE2}.Debug|x64.Build.0 = Debug|x64
		{662C94A9-CB2C-3945-8F8C-74B31954ADE2}.Release|x64.ActiveCfg = Release|x64
		{662C94A9-CB2C-3945-8F8C-74B31954ADE2}.Release|x64.Build.0 = Release|x64
		{662C94A9-CB2C-3945-8F8C-74B31954ADE2}.MinSizeRel|x64.ActiveCfg = MinSizeRel|x64
		{662C94A9-CB2C-3945-8F8C-74B31954ADE2}.MinSizeRel|x64.Build.0 = MinSizeRel|x64
		{662C94A9-CB2C-3945-8F8C-74B31954ADE2}.RelWithDebInfo|x64.ActiveCfg = RelWithDebInfo|x64
		{662C94A9-CB2C-3945-8F8C-74B31954ADE2}.RelWithDebInfo|x64.Build.0 = RelWithDebInfo|x64
	EndGlobalSection
	GlobalSection(ExtensibilityGlobals) = postSolution
		SolutionGuid = {A9007961-7F30-3615-913C-ECB0DC8C1AE7}
	EndGlobalSection
	GlobalSection(ExtensibilityAddIns) = postSolution
	EndGlobalSection
EndGlobal
